
Microsoft Visual Studio Solution File, Format Version 12.00
Project("{FAE04EC0-301F-11D3-BF4B-00C04F79EFBC}") = "BicycleRental.Data", "BicycleRental.Data\BicycleRental.Data.csproj", "{B92F588E-D53F-43A3-AE0E-9EDCB8B416E2}"
EndProject
Project("{FAE04EC0-301F-11D3-BF4B-00C04F79EFBC}") = "BicycleRental.Domain", "BicycleRental.Domain\BicycleRental.Domain.csproj", "{359F1F08-2FD0-4B35-8174-DF15AE72E41E}"
EndProject
Project("{FAE04EC0-301F-11D3-BF4B-00C04F79EFBC}") = "BicycleRental.Service", "BicycleRental.Service\BicycleRental.Service.csproj", "{9795BFF9-E95B-4FA0-B318-42C324C45A3A}"
EndProject
Project("{FAE04EC0-301F-11D3-BF4B-00C04F79EFBC}") = "BicycleRental.WebAPI", "BicycleRental.WebAPI\BicycleRental.WebAPI.csproj", "{E18C1641-9FAF-40B8-8F94-CD847BAD7CC8}"
EndProject
Global
	GlobalSection(SolutionConfigurationPlatforms) = preSolution
		Debug|Any CPU = Debug|Any CPU
		Release|Any CPU = Release|Any CPU
	EndGlobalSection
	GlobalSection(ProjectConfigurationPlatforms) = postSolution
		{B92F588E-D53F-43A3-AE0E-9EDCB8B416E2}.Debug|Any CPU.ActiveCfg = Debug|Any CPU
		{B92F588E-D53F-43A3-AE0E-9EDCB8B416E2}.Debug|Any CPU.Build.0 = Debug|Any CPU
		{B92F588E-D53F-43A3-AE0E-9EDCB8B416E2}.Release|Any CPU.ActiveCfg = Release|Any CPU
		{B92F588E-D53F-43A3-AE0E-9EDCB8B416E2}.Release|Any CPU.Build.0 = Release|Any CPU
		{359F1F08-2FD0-4B35-8174-DF15AE72E41E}.Debug|Any CPU.ActiveCfg = Debug|Any CPU
		{359F1F08-2FD0-4B35-8174-DF15AE72E41E}.Debug|Any CPU.Build.0 = Debug|Any CPU
		{359F1F08-2FD0-4B35-8174-DF15AE72E41E}.Release|Any CPU.ActiveCfg = Release|Any CPU
		{359F1F08-2FD0-4B35-8174-DF15AE72E41E}.Release|Any CPU.Build.0 = Release|Any CPU
		{9795BFF9-E95B-4FA0-B318-42C324C45A3A}.Debug|Any CPU.ActiveCfg = Debug|Any CPU
		{9795BFF9-E95B-4FA0-B318-42C324C45A3A}.Debug|Any CPU.Build.0 = Debug|Any CPU
		{9795BFF9-E95B-4FA0-B318-42C324C45A3A}.Release|Any CPU.ActiveCfg = Release|Any CPU
		{9795BFF9-E95B-4FA0-B318-42C324C45A3A}.Release|Any CPU.Build.0 = Release|Any CPU
		{E18C1641-9FAF-40B8-8F94-CD847BAD7CC8}.Debug|Any CPU.ActiveCfg = Debug|Any CPU
		{E18C1641-9FAF-40B8-8F94-CD847BAD7CC8}.Debug|Any CPU.Build.0 = Debug|Any CPU
		{E18C1641-9FAF-40B8-8F94-CD847BAD7CC8}.Release|Any CPU.ActiveCfg = Release|Any CPU
		{E18C1641-9FAF-40B8-8F94-CD847BAD7CC8}.Release|Any CPU.Build.0 = Release|Any CPU
	EndGlobalSection
EndGlobal
